// !$*UTF8*$!
{
	archiveVersion = 1;
	classes = {
	};
	objectVersion = 46;
	objects = {

/* Begin PBXBuildFile section */
		8400B6691D095EC300EF3062 /* main.m in Sources */ = {isa = PBXBuildFile; fileRef = 8400B6681D095EC300EF3062 /* main.m */; };
		8400B66C1D095EC300EF3062 /* AppDelegate.m in Sources */ = {isa = PBXBuildFile; fileRef = 8400B66B1D095EC300EF3062 /* AppDelegate.m */; };
		8400B66F1D095EC300EF3062 /* ViewController.m in Sources */ = {isa = PBXBuildFile; fileRef = 8400B66E1D095EC300EF3062 /* ViewController.m */; };
		8400B6721D095EC300EF3062 /* Main.storyboard in Resources */ = {isa = PBXBuildFile; fileRef = 8400B6701D095EC300EF3062 /* Main.storyboard */; };
		8400B6741D095EC300EF3062 /* Assets.xcassets in Resources */ = {isa = PBXBuildFile; fileRef = 8400B6731D095EC300EF3062 /* Assets.xcassets */; };
		8400B6771D095EC300EF3062 /* LaunchScreen.storyboard in Resources */ = {isa = PBXBuildFile; fileRef = 8400B6751D095EC300EF3062 /* LaunchScreen.storyboard */; };
		8400B6821D095EC300EF3062 /* gitInitTests.m in Sources */ = {isa = PBXBuildFile; fileRef = 8400B6811D095EC300EF3062 /* gitInitTests.m */; };
		8400B68D1D095EC300EF3062 /* gitInitUITests.m in Sources */ = {isa = PBXBuildFile; fileRef = 8400B68C1D095EC300EF3062 /* gitInitUITests.m */; };
/* End PBXBuildFile section */

/* Begin PBXContainerItemProxy section */
		8400B67E1D095EC300EF3062 /* PBXContainerItemProxy */ = {
			isa = PBXContainerItemProxy;
			containerPortal = 8400B65C1D095EC300EF3062 /* Project object */;
			proxyType = 1;
			remoteGlobalIDString = 8400B6631D095EC300EF3062;
			remoteInfo = gitInit;
		};
		8400B6891D095EC300EF3062 /* PBXContainerItemProxy */ = {
			isa = PBXContainerItemProxy;
			containerPortal = 8400B65C1D095EC300EF3062 /* Project object */;
			proxyType = 1;
			remoteGlobalIDString = 8400B6631D095EC300EF3062;
			remoteInfo = gitInit;
		};
/* End PBXContainerItemProxy section */

/* Begin PBXFileReference section */
		8400B6641D095EC300EF3062 /* gitInit.app */ = {isa = PBXFileReference; explicitFileType = wrapper.application; includeInIndex = 0; path = gitInit.app; sourceTree = BUILT_PRODUCTS_DIR; };
		8400B6681D095EC300EF3062 /* main.m */ = {isa = PBXFileReference; lastKnownFileType = sourcecode.c.objc; path = main.m; sourceTree = "<group>"; };
		8400B66A1D095EC300EF3062 /* AppDelegate.h */ = {isa = PBXFileReference; lastKnownFileType = sourcecode.c.h; path = AppDelegate.h; sourceTree = "<group>"; };
		8400B66B1D095EC300EF3062 /* AppDelegate.m */ = {isa = PBXFileReference; lastKnownFileType = sourcecode.c.objc; path = AppDelegate.m; sourceTree = "<group>"; };
		8400B66D1D095EC300EF3062 /* ViewController.h */ = {isa = PBXFileReference; lastKnownFileType = sourcecode.c.h; path = ViewController.h; sourceTree = "<group>"; };
		8400B66E1D095EC300EF3062 /* ViewController.m */ = {isa = PBXFileReference; lastKnownFileType = sourcecode.c.objc; path = ViewController.m; sourceTree = "<group>"; };
		8400B6711D095EC300EF3062 /* Base */ = {isa = PBXFileReference; lastKnownFileType = file.storyboard; name = Base; path = Base.lproj/Main.storyboard; sourceTree = "<group>"; };
		8400B6731D095EC300EF3062 /* Assets.xcassets */ = {isa = PBXFileReference; lastKnownFileType = folder.assetcatalog; path = Assets.xcassets; sourceTree = "<group>"; };
		8400B6761D095EC300EF3062 /* Base */ = {isa = PBXFileReference; lastKnownFileType = file.storyboard; name = Base; path = Base.lproj/LaunchScreen.storyboard; sourceTree = "<group>"; };
		8400B6781D095EC300EF3062 /* Info.plist */ = {isa = PBXFileReference; lastKnownFileType = text.plist.xml; path = Info.plist; sourceTree = "<group>"; };
		8400B67D1D095EC300EF3062 /* gitInitTests.xctest */ = {isa = PBXFileReference; explicitFileType = wrapper.cfbundle; includeInIndex = 0; path = gitInitTests.xctest; sourceTree = BUILT_PRODUCTS_DIR; };
		8400B6811D095EC300EF3062 /* gitInitTests.m */ = {isa = PBXFileReference; lastKnownFileType = sourcecode.c.objc; path = gitInitTests.m; sourceTree = "<group>"; };
		8400B6831D095EC300EF3062 /* Info.plist */ = {isa = PBXFileReference; lastKnownFileType = text.plist.xml; path = Info.plist; sourceTree = "<group>"; };
		8400B6881D095EC300EF3062 /* gitInitUITests.xctest */ = {isa = PBXFileReference; explicitFileType = wrapper.cfbundle; includeInIndex = 0; path = gitInitUITests.xctest; sourceTree = BUILT_PRODUCTS_DIR; };
		8400B68C1D095EC300EF3062 /* gitInitUITests.m */ = {isa = PBXFileReference; lastKnownFileType = sourcecode.c.objc; path = gitInitUITests.m; sourceTree = "<group>"; };
		8400B68E1D095EC300EF3062 /* Info.plist */ = {isa = PBXFileReference; lastKnownFileType = text.plist.xml; path = Info.plist; sourceTree = "<group>"; };
/* End PBXFileReference section */

/* Begin PBXFrameworksBuildPhase section */
		8400B6611D095EC300EF3062 /* Frameworks */ = {
			isa = PBXFrameworksBuildPhase;
			buildActionMask = 2147483647;
			files = (
			);
			runOnlyForDeploymentPostprocessing = 0;
		};
		8400B67A1D095EC300EF3062 /* Frameworks */ = {
			isa = PBXFrameworksBuildPhase;
			buildActionMask = 2147483647;
			files = (
			);
			runOnlyForDeploymentPostprocessing = 0;
		};
		8400B6851D095EC300EF3062 /* Frameworks */ = {
			isa = PBXFrameworksBuildPhase;
			buildActionMask = 2147483647;
			files = (
			);
			runOnlyForDeploymentPostprocessing = 0;
		};
/* End PBXFrameworksBuildPhase section */

/* Begin PBXGroup section */
		8400B65B1D095EC300EF3062 = {
			isa = PBXGroup;
			children = (
				8400B6661D095EC300EF3062 /* gitInit */,
				8400B6801D095EC300EF3062 /* gitInitTests */,
				8400B68B1D095EC300EF3062 /* gitInitUITests */,
				8400B6651D095EC300EF3062 /* Products */,
			);
			sourceTree = "<group>";
		};
		8400B6651D095EC300EF3062 /* Products */ = {
			isa = PBXGroup;
			children = (
				8400B6641D095EC300EF3062 /* gitInit.app */,
				8400B67D1D095EC300EF3062 /* gitInitTests.xctest */,
				8400B6881D095EC300EF3062 /* gitInitUITests.xctest */,
			);
			name = Products;
			sourceTree = "<group>";
		};
		8400B6661D095EC300EF3062 /* gitInit */ = {
			isa = PBXGroup;
			children = (
				8400B66A1D095EC300EF3062 /* AppDelegate.h */,
				8400B66B1D095EC300EF3062 /* AppDelegate.m */,
				8400B66D1D095EC300EF3062 /* ViewController.h */,
				8400B66E1D095EC300EF3062 /* ViewController.m */,
				8400B6701D095EC300EF3062 /* Main.storyboard */,
				8400B6731D095EC300EF3062 /* Assets.xcassets */,
				8400B6751D095EC300EF3062 /* LaunchScreen.storyboard */,
				8400B6781D095EC300EF3062 /* Info.plist */,
				8400B6671D095EC300EF3062 /* Supporting Files */,
			);
			path = gitInit;
			sourceTree = "<group>";
		};
		8400B6671D095EC300EF3062 /* Supporting Files */ = {
			isa = PBXGroup;
			children = (
				8400B6681D095EC300EF3062 /* main.m */,
			);
			name = "Supporting Files";
			sourceTree = "<group>";
		};
		8400B6801D095EC300EF3062 /* gitInitTests */ = {
			isa = PBXGroup;
			children = (
				8400B6811D095EC300EF3062 /* gitInitTests.m */,
				8400B6831D095EC300EF3062 /* Info.plist */,
			);
			path = gitInitTests;
			sourceTree = "<group>";
		};
		8400B68B1D095EC300EF3062 /* gitInitUITests */ = {
			isa = PBXGroup;
			children = (
				8400B68C1D095EC300EF3062 /* gitInitUITests.m */,
				8400B68E1D095EC300EF3062 /* Info.plist */,
			);
			path = gitInitUITests;
			sourceTree = "<group>";
		};
/* End PBXGroup section */

/* Begin PBXNativeTarget section */
		8400B6631D095EC300EF3062 /* gitInit */ = {
			isa = PBXNativeTarget;
			buildConfigurationList = 8400B6911D095EC300EF3062 /* Build configuration list for PBXNativeTarget "gitInit" */;
			buildPhases = (
				8400B6601D095EC300EF3062 /* Sources */,
				8400B6611D095EC300EF3062 /* Frameworks */,
				8400B6621D095EC300EF3062 /* Resources */,
			);
			buildRules = (
			);
			dependencies = (
			);
			name = gitInit;
			productName = gitInit;
			productReference = 8400B6641D095EC300EF3062 /* gitInit.app */;
			productType = "com.apple.product-type.application";
		};
		8400B67C1D095EC300EF3062 /* gitInitTests */ = {
			isa = PBXNativeTarget;
			buildConfigurationList = 8400B6941D095EC300EF3062 /* Build configuration list for PBXNativeTarget "gitInitTests" */;
			buildPhases = (
				8400B6791D095EC300EF3062 /* Sources */,
				8400B67A1D095EC300EF3062 /* Frameworks */,
				8400B67B1D095EC300EF3062 /* Resources */,
			);
			buildRules = (
			);
			dependencies = (
				8400B67F1D095EC300EF3062 /* PBXTargetDependency */,
			);
			name = gitInitTests;
			productName = gitInitTests;
			productReference = 8400B67D1D095EC300EF3062 /* gitInitTests.xctest */;
			productType = "com.apple.product-type.bundle.unit-test";
		};
		8400B6871D095EC300EF3062 /* gitInitUITests */ = {
			isa = PBXNativeTarget;
			buildConfigurationList = 8400B6971D095EC300EF3062 /* Build configuration list for PBXNativeTarget "gitInitUITests" */;
			buildPhases = (
				8400B6841D095EC300EF3062 /* Sources */,
				8400B6851D095EC300EF3062 /* Frameworks */,
				8400B6861D095EC300EF3062 /* Resources */,
			);
			buildRules = (
			);
			dependencies = (
				8400B68A1D095EC300EF3062 /* PBXTargetDependency */,
			);
			name = gitInitUITests;
			productName = gitInitUITests;
			productReference = 8400B6881D095EC300EF3062 /* gitInitUITests.xctest */;
			productType = "com.apple.product-type.bundle.ui-testing";
		};
/* End PBXNativeTarget section */

/* Begin PBXProject section */
		8400B65C1D095EC300EF3062 /* Project object */ = {
			isa = PBXProject;
			attributes = {
				LastUpgradeCheck = 0730;
				ORGANIZATIONNAME = mtap;
				TargetAttributes = {
					8400B6631D095EC300EF3062 = {
						CreatedOnToolsVersion = 7.3.1;
					};
					8400B67C1D095EC300EF3062 = {
						CreatedOnToolsVersion = 7.3.1;
						TestTargetID = 8400B6631D095EC300EF3062;
					};
					8400B6871D095EC300EF3062 = {
						CreatedOnToolsVersion = 7.3.1;
						TestTargetID = 8400B6631D095EC300EF3062;
					};
				};
			};
			buildConfigurationList = 8400B65F1D095EC300EF3062 /* Build configuration list for PBXProject "gitInit" */;
			compatibilityVersion = "Xcode 3.2";
			developmentRegion = English;
			hasScannedForEncodings = 0;
			knownRegions = (
				en,
				Base,
			);
			mainGroup = 8400B65B1D095EC300EF3062;
			productRefGroup = 8400B6651D095EC300EF3062 /* Products */;
			projectDirPath = "";
			projectRoot = "";
			targets = (
				8400B6631D095EC300EF3062 /* gitInit */,
				8400B67C1D095EC300EF3062 /* gitInitTests */,
				8400B6871D095EC300EF3062 /* gitInitUITests */,
			);
		};
/* End PBXProject section */

/* Begin PBXResourcesBuildPhase section */
		8400B6621D095EC300EF3062 /* Resources */ = {
			isa = PBXResourcesBuildPhase;
			buildActionMask = 2147483647;
			files = (
				8400B6771D095EC300EF3062 /* LaunchScreen.storyboard in Resources */,
				8400B6741D095EC300EF3062 /* Assets.xcassets in Resources */,
				8400B6721D095EC300EF3062 /* Main.storyboard in Resources */,
			);
			runOnlyForDeploymentPostprocessing = 0;
		};
		8400B67B1D095EC300EF3062 /* Resources */ = {
			isa = PBXResourcesBuildPhase;
			buildActionMask = 2147483647;
			files = (
			);
			runOnlyForDeploymentPostprocessing = 0;
		};
		8400B6861D095EC300EF3062 /* Resources */ = {
			isa = PBXResourcesBuildPhase;
			buildActionMask = 2147483647;
			files = (
			);
			runOnlyForDeploymentPostprocessing = 0;
		};
/* End PBXResourcesBuildPhase section */

/* Begin PBXSourcesBuildPhase section */
		8400B6601D095EC300EF3062 /* Sources */ = {
			isa = PBXSourcesBuildPhase;
			buildActionMask = 2147483647;
			files = (
				8400B66F1D095EC300EF3062 /* ViewController.m in Sources */,
				8400B66C1D095EC300EF3062 /* AppDelegate.m in Sources */,
				8400B6691D095EC300EF3062 /* main.m in Sources */,
			);
			runOnlyForDeploymentPostprocessing = 0;
		};
		8400B6791D095EC300EF3062 /* Sources */ = {
			isa = PBXSourcesBuildPhase;
			buildActionMask = 2147483647;
			files = (
				8400B6821D095EC300EF3062 /* gitInitTests.m in Sources */,
			);
			runOnlyForDeploymentPostprocessing = 0;
		};
		8400B6841D095EC300EF3062 /* Sources */ = {
			isa = PBXSourcesBuildPhase;
			buildActionMask = 2147483647;
			files = (
				8400B68D1D095EC300EF3062 /* gitInitUITests.m in Sources */,
			);
			runOnlyForDeploymentPostprocessing = 0;
		};
/* End PBXSourcesBuildPhase section */

/* Begin PBXTargetDependency section */
		8400B67F1D095EC300EF3062 /* PBXTargetDependency */ = {
			isa = PBXTargetDependency;
			target = 8400B6631D095EC300EF3062 /* gitInit */;
			targetProxy = 8400B67E1D095EC300EF3062 /* PBXContainerItemProxy */;
		};
		8400B68A1D095EC300EF3062 /* PBXTargetDependency */ = {
			isa = PBXTargetDependency;
			target = 8400B6631D095EC300EF3062 /* gitInit */;
			targetProxy = 8400B6891D095EC300EF3062 /* PBXContainerItemProxy */;
		};
/* End PBXTargetDependency section */

/* Begin PBXVariantGroup section */
		8400B6701D095EC300EF3062 /* Main.storyboard */ = {
			isa = PBXVariantGroup;
			children = (
				8400B6711D095EC300EF3062 /* Base */,
			);
			name = Main.storyboard;
			sourceTree = "<group>";
		};
		8400B6751D095EC300EF3062 /* LaunchScreen.storyboard */ = {
			isa = PBXVariantGroup;
			children = (
				8400B6761D095EC300EF3062 /* Base */,
			);
			name = LaunchScreen.storyboard;
			sourceTree = "<group>";
		};
/* End PBXVariantGroup section */

/* Begin XCBuildConfiguration section */
		8400B68F1D095EC300EF3062 /* Debug */ = {
			isa = XCBuildConfiguration;
			buildSettings = {
				ALWAYS_SEARCH_USER_PATHS = NO;
				CLANG_ANALYZER_NONNULL = YES;
				CLANG_CXX_LANGUAGE_STANDARD = "gnu++0x";
				CLANG_CXX_LIBRARY = "libc++";
				CLANG_ENABLE_MODULES = YES;
				CLANG_ENABLE_OBJC_ARC = YES;
				CLANG_WARN_BOOL_CONVERSION = YES;
				CLANG_WARN_CONSTANT_CONVERSION = YES;
				CLANG_WARN_DIRECT_OBJC_ISA_USAGE = YES_ERROR;
				CLANG_WARN_EMPTY_BODY = YES;
				CLANG_WARN_ENUM_CONVERSION = YES;
				CLANG_WARN_INT_CONVERSION = YES;
				CLANG_WARN_OBJC_ROOT_CLASS = YES_ERROR;
				CLANG_WARN_UNREACHABLE_CODE = YES;
				CLANG_WARN__DUPLICATE_METHOD_MATCH = YES;
				"CODE_SIGN_IDENTITY[sdk=iphoneos*]" = "iPhone Developer";
				COPY_PHASE_STRIP = NO;
				DEBUG_INFORMATION_FORMAT = dwarf;
				ENABLE_STRICT_OBJC_MSGSEND = YES;
				ENABLE_TESTABILITY = YES;
				GCC_C_LANGUAGE_STANDARD = gnu99;
				GCC_DYNAMIC_NO_PIC = NO;
				GCC_NO_COMMON_BLOCKS = YES;
				GCC_OPTIMIZATION_LEVEL = 0;
				GCC_PREPROCESSOR_DEFINITIONS = (
					"DEBUG=1",
					"$(inherited)",
				);
				GCC_WARN_64_TO_32_BIT_CONVERSION = YES;
				GCC_WARN_ABOUT_RETURN_TYPE = YES_ERROR;
				GCC_WARN_UNDECLARED_SELECTOR = YES;
				GCC_WARN_UNINITIALIZED_AUTOS = YES_AGGRESSIVE;
				GCC_WARN_UNUSED_FUNCTION = YES;
				GCC_WARN_UNUSED_VARIABLE = YES;
				IPHONEOS_DEPLOYMENT_TARGET = 9.3;
				MTL_ENABLE_DEBUG_INFO = YES;
				ONLY_ACTIVE_ARCH = YES;
				SDKROOT = iphoneos;
			};
			name = Debug;
		};
		8400B6901D095EC300EF3062 /* Release */ = {
			isa = XCBuildConfiguration;
			buildSettings = {
				ALWAYS_SEARCH_USER_PATHS = NO;
				CLANG_ANALYZER_NONNULL = YES;
				CLANG_CXX_LANGUAGE_STANDARD = "gnu++0x";
				CLANG_CXX_LIBRARY = "libc++";
				CLANG_ENABLE_MODULES = YES;
				CLANG_ENABLE_OBJC_ARC = YES;
				CLANG_WARN_BOOL_CONVERSION = YES;
				CLANG_WARN_CONSTANT_CONVERSION = YES;
				CLANG_WARN_DIRECT_OBJC_ISA_USAGE = YES_ERROR;
				CLANG_WARN_EMPTY_BODY = YES;
				CLANG_WARN_ENUM_CONVERSION = YES;
				CLANG_WARN_INT_CONVERSION = YES;
				CLANG_WARN_OBJC_ROOT_CLASS = YES_ERROR;
				CLANG_WARN_UNREACHABLE_CODE = YES;
				CLANG_WARN__DUPLICATE_METHOD_MATCH = YES;
				"CODE_SIGN_IDENTITY[sdk=iphoneos*]" = "iPhone Developer";
				COPY_PHASE_STRIP = NO;
				DEBUG_INFORMATION_FORMAT = "dwarf-with-dsym";
				ENABLE_NS_ASSERTIONS = NO;
				ENABLE_STRICT_OBJC_MSGSEND = YES;
				GCC_C_LANGUAGE_STANDARD = gnu99;
				GCC_NO_COMMON_BLOCKS = YES;
				GCC_WARN_64_TO_32_BIT_CONVERSION = YES;
				GCC_WARN_ABOUT_RETURN_TYPE = YES_ERROR;
				GCC_WARN_UNDECLARED_SELECTOR = YES;
				GCC_WARN_UNINITIALIZED_AUTOS = YES_AGGRESSIVE;
				GCC_WARN_UNUSED_FUNCTION = YES;
				GCC_WARN_UNUSED_VARIABLE = YES;
				IPHONEOS_DEPLOYMENT_TARGET = 9.3;
				MTL_ENABLE_DEBUG_INFO = NO;
				SDKROOT = iphoneos;
				VALIDATE_PRODUCT = YES;
			};
			name = Release;
		};
		8400B6921D095EC300EF3062 /* Debug */ = {
			isa = XCBuildConfiguration;
			buildSettings = {
				ASSETCATALOG_COMPILER_APPICON_NAME = AppIcon;
				INFOPLIST_FILE = gitInit/Info.plist;
				LD_RUNPATH_SEARCH_PATHS = "$(inherited) @executable_path/Frameworks";
				PRODUCT_BUNDLE_IDENTIFIER = com.safetrax.gitInit;
				PRODUCT_NAME = "$(TARGET_NAME)";
			};
			name = Debug;
		};
		8400B6931D095EC300EF3062 /* Release */ = {
			isa = XCBuildConfiguration;
			buildSettings = {
				ASSETCATALOG_COMPILER_APPICON_NAME = AppIcon;
				INFOPLIST_FILE = gitInit/Info.plist;
				LD_RUNPATH_SEARCH_PATHS = "$(inherited) @executable_path/Frameworks";
				PRODUCT_BUNDLE_IDENTIFIER = com.safetrax.gitInit;
				PRODUCT_NAME = "$(TARGET_NAME)";
			};
			name = Release;
		};
		8400B6951D095EC300EF3062 /* Debug */ = {
			isa = XCBuildConfiguration;
			buildSettings = {
				BUNDLE_LOADER = "$(TEST_HOST)";
				INFOPLIST_FILE = gitInitTests/Info.plist;
				LD_RUNPATH_SEARCH_PATHS = "$(inherited) @executable_path/Frameworks @loader_path/Frameworks";
				PRODUCT_BUNDLE_IDENTIFIER = com.safetrax.gitInitTests;
				PRODUCT_NAME = "$(TARGET_NAME)";
				TEST_HOST = "$(BUILT_PRODUCTS_DIR)/gitInit.app/gitInit";
			};
			name = Debug;
		};
		8400B6961D095EC300EF3062 /* Release */ = {
			isa = XCBuildConfiguration;
			buildSettings = {
				BUNDLE_LOADER = "$(TEST_HOST)";
				INFOPLIST_FILE = gitInitTests/Info.plist;
				LD_RUNPATH_SEARCH_PATHS = "$(inherited) @executable_path/Frameworks @loader_path/Frameworks";
				PRODUCT_BUNDLE_IDENTIFIER = com.safetrax.gitInitTests;
				PRODUCT_NAME = "$(TARGET_NAME)";
				TEST_HOST = "$(BUILT_PRODUCTS_DIR)/gitInit.app/gitInit";
			};
			name = Release;
		};
		8400B6981D095EC300EF3062 /* Debug */ = {
			isa = XCBuildConfiguration;
			buildSettings = {
				INFOPLIST_FILE = gitInitUITests/Info.plist;
				LD_RUNPATH_SEARCH_PATHS = "$(inherited) @executable_path/Frameworks @loader_path/Frameworks";
				PRODUCT_BUNDLE_IDENTIFIER = com.safetrax.gitInitUITests;
				PRODUCT_NAME = "$(TARGET_NAME)";
				TEST_TARGET_NAME = gitInit;
			};
			name = Debug;
		};
		8400B6991D095EC300EF3062 /* Release */ = {
			isa = XCBuildConfiguration;
			buildSettings = {
				INFOPLIST_FILE = gitInitUITests/Info.plist;
				LD_RUNPATH_SEARCH_PATHS = "$(inherited) @executable_path/Frameworks @loader_path/Frameworks";
				PRODUCT_BUNDLE_IDENTIFIER = com.safetrax.gitInitUITests;
				PRODUCT_NAME = "$(TARGET_NAME)";
				TEST_TARGET_NAME = gitInit;
			};
			name = Release;
		};
/* End XCBuildConfiguration section */

/* Begin XCConfigurationList section */
		8400B65F1D095EC300EF3062 /* Build configuration list for PBXProject "gitInit" */ = {
			isa = XCConfigurationList;
			buildConfigurations = (
				8400B68F1D095EC300EF3062 /* Debug */,
				8400B6901D095EC300EF3062 /* Release */,
			);
			defaultConfigurationIsVisible = 0;
			defaultConfigurationName = Release;
		};
		8400B6911D095EC300EF3062 /* Build configuration list for PBXNativeTarget "gitInit" */ = {
			isa = XCConfigurationList;
			buildConfigurations = (
				8400B6921D095EC300EF3062 /* Debug */,
				8400B6931D095EC300EF3062 /* Release */,
			);
			defaultConfigurationIsVisible = 0;
		};
		8400B6941D095EC300EF3062 /* Build configuration list for PBXNativeTarget "gitInitTests" */ = {
			isa = XCConfigurationList;
			buildConfigurations = (
				8400B6951D095EC300EF3062 /* Debug */,
				8400B6961D095EC300EF3062 /* Release */,
			);
			defaultConfigurationIsVisible = 0;
		};
		8400B6971D095EC300EF3062 /* Build configuration list for PBXNativeTarget "gitInitUITests" */ = {
			isa = XCConfigurationList;
			buildConfigurations = (
				8400B6981D095EC300EF3062 /* Debug */,
				8400B6991D095EC300EF3062 /* Release */,
			);
			defaultConfigurationIsVisible = 0;
		};
/* End XCConfigurationList section */
	};
	rootObject = 8400B65C1D095EC300EF3062 /* Project object */;
}
